<?xml version="1.0" encoding="utf-8"?>
<Project ToolsVersion="4.0" xmlns="http://schemas.microsoft.com/developer/msbuild/2003">
  <ItemGroup>
    <Filter Include="Sources">
      <UniqueIdentifier>{8b7ed093-66ce-4096-96d2-fbb9faa4bf52}</UniqueIdentifier>
    </Filter>
    <Filter Include="Sources\ThirdParties">
      <UniqueIdentifier>{d707505e-29f6-45fb-a5e8-eca927b5eed6}</UniqueIdentifier>
    </Filter>
    <Filter Include="Sources\ThirdParties\gpudetect">
      <UniqueIdentifier>{49c97a4b-1bdb-49c2-a920-81cd0a1b296d}</UniqueIdentifier>
    </Filter>
    <Filter Include="Sources\ThirdParties\ImGui">
      <UniqueIdentifier>{697357ba-97c7-403e-84fc-a6e79c30cb00}</UniqueIdentifier>
    </Filter>
    <Filter Include="Sources\ThirdParties\ImGuizmo">
      <UniqueIdentifier>{e11c78d5-4f22-4e2c-9963-5e6d4363aa16}</UniqueIdentifier>
    </Filter>
    <Filter Include="Sources\ThirdParties\MathGeoLib">
      <UniqueIdentifier>{a685dcba-0427-4e0c-b3fa-1911cc4200b9}</UniqueIdentifier>
    </Filter>
    <Filter Include="Sources\ThirdParties\MathGeoLib\Algorithm">
      <UniqueIdentifier>{41e88e35-ad21-4173-b4d5-f38ab9300b49}</UniqueIdentifier>
    </Filter>
    <Filter Include="Sources\ThirdParties\MathGeoLib\Algorithm\Random">
      <UniqueIdentifier>{05db5c50-20ee-4d0d-9e54-6a50aa55f3ad}</UniqueIdentifier>
    </Filter>
    <Filter Include="Sources\ThirdParties\MathGeoLib\Geometry">
      <UniqueIdentifier>{5c70ce70-1394-4f19-a4e3-dc926434112f}</UniqueIdentifier>
    </Filter>
    <Filter Include="Sources\ThirdParties\MathGeoLib\Math">
      <UniqueIdentifier>{28b5c8c8-4ab2-4b55-ad34-199b471df9de}</UniqueIdentifier>
    </Filter>
    <Filter Include="Sources\ThirdParties\MathGeoLib\Time">
      <UniqueIdentifier>{03e2fcd9-7a86-4a2f-b980-5c1c4bba537f}</UniqueIdentifier>
    </Filter>
    <Filter Include="Sources\ThirdParties\mmgr">
      <UniqueIdentifier>{b4be67e9-1f6f-427e-a955-2a57d94298ae}</UniqueIdentifier>
    </Filter>
    <Filter Include="Sources\ThirdParties\Parson">
      <UniqueIdentifier>{b1623064-60e9-47f4-a610-2cf9481a55bf}</UniqueIdentifier>
    </Filter>
    <Filter Include="Sources\ThirdParties\PugiXML">
      <UniqueIdentifier>{6ba9a71b-d2fb-4595-a467-6a58c304215d}</UniqueIdentifier>
    </Filter>
    <Filter Include="Sources\1. App =================">
      <UniqueIdentifier>{37dbebbe-d65a-42de-8313-d7168b7c03ef}</UniqueIdentifier>
    </Filter>
    <Filter Include="Sources\2. Modules ==============">
      <UniqueIdentifier>{7b418be2-1631-4a31-9ef2-8a8b234a7339}</UniqueIdentifier>
    </Filter>
    <Filter Include="Sources\3. Components ===========">
      <UniqueIdentifier>{121f8e6b-df36-4ab0-be0d-601ddfc9e503}</UniqueIdentifier>
    </Filter>
    <Filter Include="Sources\4. Editor ================">
      <UniqueIdentifier>{1b8b97ed-0dc8-445e-8a4a-41b9de1e945f}</UniqueIdentifier>
    </Filter>
    <Filter Include="Sources\5. GameObjects ===========">
      <UniqueIdentifier>{99ae2367-b349-443b-94d3-f8aebcab11e7}</UniqueIdentifier>
    </Filter>
    <Filter Include="Sources\5. GameObjects ===========\Components">
      <UniqueIdentifier>{c5f10952-9d6c-4eec-b70e-347606580b18}</UniqueIdentifier>
    </Filter>
    <Filter Include="Sources\6. Resources =============">
      <UniqueIdentifier>{75424721-2dd7-49d4-966b-8416936704ff}</UniqueIdentifier>
    </Filter>
    <Filter Include="Sources\6. Resources =============\Loaders">
      <UniqueIdentifier>{15b91578-5e35-4dc2-bd7f-b18595074ce9}</UniqueIdentifier>
    </Filter>
    <Filter Include="Sources\2. Modules ==============\UI">
      <UniqueIdentifier>{f4502cdd-7657-4667-aa3a-60b747977d3b}</UniqueIdentifier>
    </Filter>
    <Filter Include="Sources\2. Modules ==============\UI\Elements">
      <UniqueIdentifier>{e893e753-aa26-4cdd-bf71-404e0c529095}</UniqueIdentifier>
    </Filter>
    <Filter Include="Sources\2. Modules ==============\UI\Implementations">
      <UniqueIdentifier>{f7ab3e0f-7f8b-49e4-9cd1-476281407e76}</UniqueIdentifier>
    </Filter>
    <Filter Include="Sources\2. Modules ==============\UI\Event System">
      <UniqueIdentifier>{4d8e2408-8dd8-4ba1-8e10-bbc640591513}</UniqueIdentifier>
    </Filter>
    <Filter Include="Sources\2. Modules ==============\UI\Fonts System">
      <UniqueIdentifier>{c74b86ac-29a0-410e-b4b6-f176b3368abf}</UniqueIdentifier>
    </Filter>
  </ItemGroup>
  <ItemGroup>
    <ClInclude Include="ModuleAudio.h">
      <Filter>Sources\2. Modules ==============</Filter>
    </ClInclude>
    <ClInclude Include="ModuleCamera3D.h">
      <Filter>Sources\2. Modules ==============</Filter>
    </ClInclude>
    <ClInclude Include="ModuleInput.h">
      <Filter>Sources\2. Modules ==============</Filter>
    </ClInclude>
    <ClInclude Include="ModuleRenderer3D.h">
      <Filter>Sources\2. Modules ==============</Filter>
    </ClInclude>
    <ClInclude Include="ModuleWindow.h">
      <Filter>Sources\2. Modules ==============</Filter>
    </ClInclude>
    <ClInclude Include="Primitive.h">
      <Filter>Sources\3. Components ===========</Filter>
    </ClInclude>
    <ClInclude Include="Light.h">
      <Filter>Sources\3. Components ===========</Filter>
    </ClInclude>
    <ClInclude Include="imconfig.h">
      <Filter>Sources\ThirdParties\ImGui</Filter>
    </ClInclude>
    <ClInclude Include="imgui.h">
      <Filter>Sources\ThirdParties\ImGui</Filter>
    </ClInclude>
    <ClInclude Include="imgui_impl_sdl.h">
      <Filter>Sources\ThirdParties\ImGui</Filter>
    </ClInclude>
    <ClInclude Include="imgui_internal.h">
      <Filter>Sources\ThirdParties\ImGui</Filter>
    </ClInclude>
    <ClInclude Include="stb_rect_pack.h">
      <Filter>Sources\ThirdParties\ImGui</Filter>
    </ClInclude>
    <ClInclude Include="stb_textedit.h">
      <Filter>Sources\ThirdParties\ImGui</Filter>
    </ClInclude>
    <ClInclude Include="stb_truetype.h">
      <Filter>Sources\ThirdParties\ImGui</Filter>
    </ClInclude>
    <ClInclude Include="XMLLoader.h">
      <Filter>Sources\2. Modules ==============</Filter>
    </ClInclude>
    <ClInclude Include="PugiXml\src\pugiconfig.hpp">
      <Filter>Sources\ThirdParties\PugiXML</Filter>
    </ClInclude>
    <ClInclude Include="PugiXml\src\pugixml.hpp">
      <Filter>Sources\ThirdParties\PugiXML</Filter>
    </ClInclude>
    <ClInclude Include="Functions.h">
      <Filter>Sources\3. Components ===========</Filter>
    </ClInclude>
    <ClInclude Include="PerfTimer.h">
      <Filter>Sources\3. Components ===========</Filter>
    </ClInclude>
    <ClInclude Include="Timer.h">
      <Filter>Sources\3. Components ===========</Filter>
    </ClInclude>
    <ClInclude Include="EditorUI.h">
      <Filter>Sources\2. Modules ==============</Filter>
    </ClInclude>
    <ClInclude Include="Parson\parson.h">
      <Filter>Sources\ThirdParties\Parson</Filter>
    </ClInclude>
    <ClInclude Include="JSONLoader.h">
      <Filter>Sources\2. Modules ==============</Filter>
    </ClInclude>
    <ClInclude Include="Profiler.h">
      <Filter>Sources\3. Components ===========</Filter>
    </ClInclude>
    <ClInclude Include="Console.h">
      <Filter>Sources\4. Editor ================</Filter>
    </ClInclude>
    <ClInclude Include="Configuration.h">
      <Filter>Sources\4. Editor ================</Filter>
    </ClInclude>
    <ClInclude Include="GeometryMath.h">
      <Filter>Sources\3. Components ===========</Filter>
    </ClInclude>
    <ClInclude Include="About.h">
      <Filter>Sources\4. Editor ================</Filter>
    </ClInclude>
    <ClInclude Include="ProfilerViewer.h">
      <Filter>Sources\4. Editor ================</Filter>
    </ClInclude>
    <ClInclude Include="mmgr\mmgr.h">
      <Filter>Sources\ThirdParties\mmgr</Filter>
    </ClInclude>
    <ClInclude Include="mmgr\nommgr.h">
      <Filter>Sources\ThirdParties\mmgr</Filter>
    </ClInclude>
    <ClInclude Include="EngineTest.h">
      <Filter>Sources\4. Editor ================</Filter>
    </ClInclude>
    <ClInclude Include="gpudetect\DeviceId.h">
      <Filter>Sources\ThirdParties\gpudetect</Filter>
    </ClInclude>
    <ClInclude Include="gpudetect\dxgi1_4.h">
      <Filter>Sources\ThirdParties\gpudetect</Filter>
    </ClInclude>
    <ClInclude Include="Hardware.h">
      <Filter>Sources\4. Editor ================</Filter>
    </ClInclude>
    <ClInclude Include="imgui_docking.h">
      <Filter>Sources\ThirdParties\ImGui</Filter>
    </ClInclude>
    <ClInclude Include="FBO.h">
      <Filter>Sources\3. Components ===========</Filter>
    </ClInclude>
    <ClInclude Include="Game.h">
      <Filter>Sources\4. Editor ================</Filter>
    </ClInclude>
    <ClInclude Include="Cursor.h">
      <Filter>Sources\3. Components ===========</Filter>
    </ClInclude>
    <ClInclude Include="GameObject.h">
      <Filter>Sources\5. GameObjects ===========</Filter>
    </ClInclude>
    <ClInclude Include="ModuleGameObject.h">
      <Filter>Sources\2. Modules ==============</Filter>
    </ClInclude>
    <ClInclude Include="Hierarchy.h">
      <Filter>Sources\4. Editor ================</Filter>
    </ClInclude>
    <ClInclude Include="Inspector.h">
      <Filter>Sources\4. Editor ================</Filter>
    </ClInclude>
    <ClInclude Include="IDGenerator.h">
      <Filter>Sources\3. Components ===========</Filter>
    </ClInclude>
    <ClInclude Include="ModuleFileSystem.h">
      <Filter>Sources\2. Modules ==============</Filter>
    </ClInclude>
    <ClInclude Include="DebugDraw.h">
      <Filter>Sources\3. Components ===========</Filter>
    </ClInclude>
    <ClInclude Include="SceneManager.h">
      <Filter>Sources\2. Modules ==============</Filter>
    </ClInclude>
    <ClInclude Include="MathBuildConfig.h">
      <Filter>Sources\ThirdParties\MathGeoLib</Filter>
    </ClInclude>
    <ClInclude Include="MathGeoLib.h">
      <Filter>Sources\ThirdParties\MathGeoLib</Filter>
    </ClInclude>
    <ClInclude Include="MathGeoLibFwd.h">
      <Filter>Sources\ThirdParties\MathGeoLib</Filter>
    </ClInclude>
    <ClInclude Include="Algorithm\Random\LCG.h">
      <Filter>Sources\ThirdParties\MathGeoLib\Algorithm\Random</Filter>
    </ClInclude>
    <ClInclude Include="Algorithm\GJK.h">
      <Filter>Sources\ThirdParties\MathGeoLib\Algorithm</Filter>
    </ClInclude>
    <ClInclude Include="Algorithm\SAT.h">
      <Filter>Sources\ThirdParties\MathGeoLib\Algorithm</Filter>
    </ClInclude>
    <ClInclude Include="Geometry\AABB.h">
      <Filter>Sources\ThirdParties\MathGeoLib\Geometry</Filter>
    </ClInclude>
    <ClInclude Include="Geometry\AABB2D.h">
      <Filter>Sources\ThirdParties\MathGeoLib\Geometry</Filter>
    </ClInclude>
    <ClInclude Include="Geometry\Capsule.h">
      <Filter>Sources\ThirdParties\MathGeoLib\Geometry</Filter>
    </ClInclude>
    <ClInclude Include="Geometry\Circle.h">
      <Filter>Sources\ThirdParties\MathGeoLib\Geometry</Filter>
    </ClInclude>
    <ClInclude Include="Geometry\Frustum.h">
      <Filter>Sources\ThirdParties\MathGeoLib\Geometry</Filter>
    </ClInclude>
    <ClInclude Include="Geometry\GeometryAll.h">
      <Filter>Sources\ThirdParties\MathGeoLib\Geometry</Filter>
    </ClInclude>
    <ClInclude Include="Geometry\GeomType.h">
      <Filter>Sources\ThirdParties\MathGeoLib\Geometry</Filter>
    </ClInclude>
    <ClInclude Include="Geometry\HitInfo.h">
      <Filter>Sources\ThirdParties\MathGeoLib\Geometry</Filter>
    </ClInclude>
    <ClInclude Include="Geometry\KDTree.h">
      <Filter>Sources\ThirdParties\MathGeoLib\Geometry</Filter>
    </ClInclude>
    <ClInclude Include="Geometry\Line.h">
      <Filter>Sources\ThirdParties\MathGeoLib\Geometry</Filter>
    </ClInclude>
    <ClInclude Include="Geometry\LineSegment.h">
      <Filter>Sources\ThirdParties\MathGeoLib\Geometry</Filter>
    </ClInclude>
    <ClInclude Include="Geometry\OBB.h">
      <Filter>Sources\ThirdParties\MathGeoLib\Geometry</Filter>
    </ClInclude>
    <ClInclude Include="Geometry\PBVolume.h">
      <Filter>Sources\ThirdParties\MathGeoLib\Geometry</Filter>
    </ClInclude>
    <ClInclude Include="Geometry\Plane.h">
      <Filter>Sources\ThirdParties\MathGeoLib\Geometry</Filter>
    </ClInclude>
    <ClInclude Include="Geometry\Polygon.h">
      <Filter>Sources\ThirdParties\MathGeoLib\Geometry</Filter>
    </ClInclude>
    <ClInclude Include="Geometry\Polyhedron.h">
      <Filter>Sources\ThirdParties\MathGeoLib\Geometry</Filter>
    </ClInclude>
    <ClInclude Include="Geometry\QuadTree.h">
      <Filter>Sources\ThirdParties\MathGeoLib\Geometry</Filter>
    </ClInclude>
    <ClInclude Include="Geometry\Ray.h">
      <Filter>Sources\ThirdParties\MathGeoLib\Geometry</Filter>
    </ClInclude>
    <ClInclude Include="Geometry\Sphere.h">
      <Filter>Sources\ThirdParties\MathGeoLib\Geometry</Filter>
    </ClInclude>
    <ClInclude Include="Geometry\Triangle.h">
      <Filter>Sources\ThirdParties\MathGeoLib\Geometry</Filter>
    </ClInclude>
    <ClInclude Include="Geometry\TriangleMesh.h">
      <Filter>Sources\ThirdParties\MathGeoLib\Geometry</Filter>
    </ClInclude>
    <ClInclude Include="Math\assume.h">
      <Filter>Sources\ThirdParties\MathGeoLib\Math</Filter>
    </ClInclude>
    <ClInclude Include="Math\BitOps.h">
      <Filter>Sources\ThirdParties\MathGeoLib\Math</Filter>
    </ClInclude>
    <ClInclude Include="Math\Callstack.h">
      <Filter>Sources\ThirdParties\MathGeoLib\Math</Filter>
    </ClInclude>
    <ClInclude Include="Math\FixedPoint.h">
      <Filter>Sources\ThirdParties\MathGeoLib\Math</Filter>
    </ClInclude>
    <ClInclude Include="Math\float2.h">
      <Filter>Sources\ThirdParties\MathGeoLib\Math</Filter>
    </ClInclude>
    <ClInclude Include="Math\float3.h">
      <Filter>Sources\ThirdParties\MathGeoLib\Math</Filter>
    </ClInclude>
    <ClInclude Include="Math\float3x3.h">
      <Filter>Sources\ThirdParties\MathGeoLib\Math</Filter>
    </ClInclude>
    <ClInclude Include="Math\float3x4.h">
      <Filter>Sources\ThirdParties\MathGeoLib\Math</Filter>
    </ClInclude>
    <ClInclude Include="Math\float4.h">
      <Filter>Sources\ThirdParties\MathGeoLib\Math</Filter>
    </ClInclude>
    <ClInclude Include="Math\float4_neon.h">
      <Filter>Sources\ThirdParties\MathGeoLib\Math</Filter>
    </ClInclude>
    <ClInclude Include="Math\float4_sse.h">
      <Filter>Sources\ThirdParties\MathGeoLib\Math</Filter>
    </ClInclude>
    <ClInclude Include="Math\float4d.h">
      <Filter>Sources\ThirdParties\MathGeoLib\Math</Filter>
    </ClInclude>
    <ClInclude Include="Math\float4x4.h">
      <Filter>Sources\ThirdParties\MathGeoLib\Math</Filter>
    </ClInclude>
    <ClInclude Include="Math\float4x4_neon.h">
      <Filter>Sources\ThirdParties\MathGeoLib\Math</Filter>
    </ClInclude>
    <ClInclude Include="Math\float4x4_sse.h">
      <Filter>Sources\ThirdParties\MathGeoLib\Math</Filter>
    </ClInclude>
    <ClInclude Include="Math\FloatCmp.h">
      <Filter>Sources\ThirdParties\MathGeoLib\Math</Filter>
    </ClInclude>
    <ClInclude Include="Math\grisu3.h">
      <Filter>Sources\ThirdParties\MathGeoLib\Math</Filter>
    </ClInclude>
    <ClInclude Include="Math\InclWindows.h">
      <Filter>Sources\ThirdParties\MathGeoLib\Math</Filter>
    </ClInclude>
    <ClInclude Include="Math\MathAll.h">
      <Filter>Sources\ThirdParties\MathGeoLib\Math</Filter>
    </ClInclude>
    <ClInclude Include="Math\MathConstants.h">
      <Filter>Sources\ThirdParties\MathGeoLib\Math</Filter>
    </ClInclude>
    <ClInclude Include="Math\MathFunc.h">
      <Filter>Sources\ThirdParties\MathGeoLib\Math</Filter>
    </ClInclude>
    <ClInclude Include="Math\MathLog.h">
      <Filter>Sources\ThirdParties\MathGeoLib\Math</Filter>
    </ClInclude>
    <ClInclude Include="Math\MathNamespace.h">
      <Filter>Sources\ThirdParties\MathGeoLib\Math</Filter>
    </ClInclude>
    <ClInclude Include="Math\MathTypes.h">
      <Filter>Sources\ThirdParties\MathGeoLib\Math</Filter>
    </ClInclude>
    <ClInclude Include="Math\MatrixProxy.h">
      <Filter>Sources\ThirdParties\MathGeoLib\Math</Filter>
    </ClInclude>
    <ClInclude Include="Math\myassert.h">
      <Filter>Sources\ThirdParties\MathGeoLib\Math</Filter>
    </ClInclude>
    <ClInclude Include="Math\Polynomial.h">
      <Filter>Sources\ThirdParties\MathGeoLib\Math</Filter>
    </ClInclude>
    <ClInclude Include="Math\Quat.h">
      <Filter>Sources\ThirdParties\MathGeoLib\Math</Filter>
    </ClInclude>
    <ClInclude Include="Math\quat_simd.h">
      <Filter>Sources\ThirdParties\MathGeoLib\Math</Filter>
    </ClInclude>
    <ClInclude Include="Math\Rect.h">
      <Filter>Sources\ThirdParties\MathGeoLib\Math</Filter>
    </ClInclude>
    <ClInclude Include="Math\Reinterpret.h">
      <Filter>Sources\ThirdParties\MathGeoLib\Math</Filter>
    </ClInclude>
    <ClInclude Include="Math\simd.h">
      <Filter>Sources\ThirdParties\MathGeoLib\Math</Filter>
    </ClInclude>
    <ClInclude Include="Math\sse_mathfun.h">
      <Filter>Sources\ThirdParties\MathGeoLib\Math</Filter>
    </ClInclude>
    <ClInclude Include="Math\SSEMath.h">
      <Filter>Sources\ThirdParties\MathGeoLib\Math</Filter>
    </ClInclude>
    <ClInclude Include="Math\TransformOps.h">
      <Filter>Sources\ThirdParties\MathGeoLib\Math</Filter>
    </ClInclude>
    <ClInclude Include="Time\Clock.h">
      <Filter>Sources\ThirdParties\MathGeoLib\Time</Filter>
    </ClInclude>
    <ClInclude Include="ImGuizmo.h">
      <Filter>Sources\ThirdParties\ImGuizmo</Filter>
    </ClInclude>
    <ClInclude Include="Component.h">
      <Filter>Sources\5. GameObjects ===========\Components</Filter>
    </ClInclude>
    <ClInclude Include="ComponentCamera.h">
      <Filter>Sources\5. GameObjects ===========\Components</Filter>
    </ClInclude>
    <ClInclude Include="ComponentMaterial.h">
      <Filter>Sources\5. GameObjects ===========\Components</Filter>
    </ClInclude>
    <ClInclude Include="ComponentMesh.h">
      <Filter>Sources\5. GameObjects ===========\Components</Filter>
    </ClInclude>
    <ClInclude Include="ComponentTransform.h">
      <Filter>Sources\5. GameObjects ===========\Components</Filter>
    </ClInclude>
    <ClInclude Include="Resource.h">
      <Filter>Sources\6. Resources =============</Filter>
    </ClInclude>
    <ClInclude Include="ResourceMesh.h">
      <Filter>Sources\6. Resources =============</Filter>
    </ClInclude>
    <ClInclude Include="ResourceManager.h">
      <Filter>Sources\2. Modules ==============</Filter>
    </ClInclude>
    <ClInclude Include="ResourceTexture.h">
      <Filter>Sources\6. Resources =============</Filter>
    </ClInclude>
    <ClInclude Include="ResourceMeshLoader.h">
      <Filter>Sources\6. Resources =============\Loaders</Filter>
    </ClInclude>
    <ClInclude Include="ResourceTextureLoader.h">
      <Filter>Sources\6. Resources =============\Loaders</Filter>
    </ClInclude>
    <ClInclude Include="MainBar.h">
      <Filter>Sources\4. Editor ================</Filter>
    </ClInclude>
    <ClInclude Include="ToolsBar.h">
      <Filter>Sources\4. Editor ================</Filter>
    </ClInclude>
    <ClInclude Include="KDTree.h">
      <Filter>Sources\3. Components ===========</Filter>
    </ClInclude>
    <ClInclude Include="Color.h">
      <Filter>Sources\3. Components ===========</Filter>
    </ClInclude>
    <ClInclude Include="glmath.h">
      <Filter>Sources\3. Components ===========</Filter>
    </ClInclude>
    <ClInclude Include="App.h">
      <Filter>Sources\1. App =================</Filter>
    </ClInclude>
    <ClInclude Include="Globals.h">
      <Filter>Sources\1. App =================</Filter>
    </ClInclude>
    <ClInclude Include="Module.h">
      <Filter>Sources\1. App =================</Filter>
    </ClInclude>
    <ClInclude Include="ResourceScene.h">
      <Filter>Sources\6. Resources =============</Filter>
    </ClInclude>
    <ClInclude Include="Explorer.h">
      <Filter>Sources\4. Editor ================</Filter>
    </ClInclude>
    <ClInclude Include="UICanvas.h">
      <Filter>Sources\2. Modules ==============\UI\Elements</Filter>
    </ClInclude>
    <ClInclude Include="SuStoUI.h">
      <Filter>Sources\2. Modules ==============\UI</Filter>
    </ClInclude>
    <ClInclude Include="SuSto_impl_sdl_opengl.h">
      <Filter>Sources\2. Modules ==============\UI\Implementations</Filter>
    </ClInclude>
    <ClInclude Include="SuSto_event_system.h">
      <Filter>Sources\2. Modules ==============\UI\Event System</Filter>
    </ClInclude>
    <ClInclude Include="UIElement.h">
      <Filter>Sources\2. Modules ==============\UI</Filter>
    </ClInclude>
    <ClInclude Include="UIButton.h">
      <Filter>Sources\2. Modules ==============\UI\Elements</Filter>
    </ClInclude>
    <ClInclude Include="UIText.h">
      <Filter>Sources\2. Modules ==============\UI\Elements</Filter>
    </ClInclude>
    <ClInclude Include="UICheckBox.h">
      <Filter>Sources\2. Modules ==============\UI\Elements</Filter>
    </ClInclude>
    <ClInclude Include="UIPanel.h">
      <Filter>Sources\2. Modules ==============\UI\Elements</Filter>
    </ClInclude>
    <ClInclude Include="UIImage.h">
      <Filter>Sources\2. Modules ==============\UI\Elements</Filter>
    </ClInclude>
    <ClInclude Include="UITextInput.h">
      <Filter>Sources\2. Modules ==============\UI\Elements</Filter>
    </ClInclude>
    <ClInclude Include="ComponentCanvas.h">
      <Filter>Sources\5. GameObjects ===========\Components</Filter>
    </ClInclude>
    <ClInclude Include="ComponentImage.h">
      <Filter>Sources\5. GameObjects ===========\Components</Filter>
    </ClInclude>
    <ClInclude Include="ComponentButton.h">
      <Filter>Sources\5. GameObjects ===========\Components</Filter>
    </ClInclude>
    <ClInclude Include="ComponentCheckBox.h">
      <Filter>Sources\5. GameObjects ===========\Components</Filter>
    </ClInclude>
    <ClInclude Include="ComponentText.h">
      <Filter>Sources\5. GameObjects ===========\Components</Filter>
    </ClInclude>
    <ClInclude Include="ResourceFontLoader.h" />
    <ClInclude Include="SuSto_fonts_system.h">
      <Filter>Sources\2. Modules ==============\UI\Fonts System</Filter>
    </ClInclude>
    <ClInclude Include="susto_truetype.h">
      <Filter>Sources\2. Modules ==============\UI\Fonts System</Filter>
    </ClInclude>
  </ItemGroup>
  <ItemGroup>
    <ClCompile Include="ModuleAudio.cpp">
      <Filter>Sources\2. Modules ==============</Filter>
    </ClCompile>
    <ClCompile Include="ModuleCamera3D.cpp">
      <Filter>Sources\2. Modules ==============</Filter>
    </ClCompile>
    <ClCompile Include="ModuleInput.cpp">
      <Filter>Sources\2. Modules ==============</Filter>
    </ClCompile>
    <ClCompile Include="ModuleRenderer3D.cpp">
      <Filter>Sources\2. Modules ==============</Filter>
    </ClCompile>
    <ClCompile Include="ModuleWindow.cpp">
      <Filter>Sources\2. Modules ==============</Filter>
    </ClCompile>
    <ClCompile Include="Primitive.cpp">
      <Filter>Sources\3. Components ===========</Filter>
    </ClCompile>
    <ClCompile Include="Light.cpp">
      <Filter>Sources\3. Components ===========</Filter>
    </ClCompile>
    <ClCompile Include="imgui.cpp">
      <Filter>Sources\ThirdParties\ImGui</Filter>
    </ClCompile>
    <ClCompile Include="imgui_demo.cpp">
      <Filter>Sources\ThirdParties\ImGui</Filter>
    </ClCompile>
    <ClCompile Include="imgui_draw.cpp">
      <Filter>Sources\ThirdParties\ImGui</Filter>
    </ClCompile>
    <ClCompile Include="imgui_impl_sdl.cpp">
      <Filter>Sources\ThirdParties\ImGui</Filter>
    </ClCompile>
    <ClCompile Include="XMLLoader.cpp">
      <Filter>Sources\2. Modules ==============</Filter>
    </ClCompile>
    <ClCompile Include="PugiXml\src\pugixml.cpp">
      <Filter>Sources\ThirdParties\PugiXML</Filter>
    </ClCompile>
    <ClCompile Include="Functions.cpp">
      <Filter>Sources\3. Components ===========</Filter>
    </ClCompile>
    <ClCompile Include="log.cpp">
      <Filter>Sources\3. Components ===========</Filter>
    </ClCompile>
    <ClCompile Include="PerfTimer.cpp">
      <Filter>Sources\3. Components ===========</Filter>
    </ClCompile>
    <ClCompile Include="Timer.cpp">
      <Filter>Sources\3. Components ===========</Filter>
    </ClCompile>
    <ClCompile Include="EditorUI.cpp">
      <Filter>Sources\2. Modules ==============</Filter>
    </ClCompile>
    <ClCompile Include="Parson\parson.c">
      <Filter>Sources\ThirdParties\Parson</Filter>
    </ClCompile>
    <ClCompile Include="Profiler.cpp">
      <Filter>Sources\3. Components ===========</Filter>
    </ClCompile>
    <ClCompile Include="Console.cpp">
      <Filter>Sources\4. Editor ================</Filter>
    </ClCompile>
    <ClCompile Include="Configuration.cpp">
      <Filter>Sources\4. Editor ================</Filter>
    </ClCompile>
    <ClCompile Include="About.cpp">
      <Filter>Sources\4. Editor ================</Filter>
    </ClCompile>
    <ClCompile Include="JSONLoader.cpp">
      <Filter>Sources\2. Modules ==============</Filter>
    </ClCompile>
    <ClCompile Include="ProfilerViewer.cpp">
      <Filter>Sources\4. Editor ================</Filter>
    </ClCompile>
    <ClCompile Include="mmgr\mmgr.cpp">
      <Filter>Sources\ThirdParties\mmgr</Filter>
    </ClCompile>
    <ClCompile Include="EngineTest.cpp">
      <Filter>Sources\4. Editor ================</Filter>
    </ClCompile>
    <ClCompile Include="gpudetect\DeviceId.cpp">
      <Filter>Sources\ThirdParties\gpudetect</Filter>
    </ClCompile>
    <ClCompile Include="Hardware.cpp">
      <Filter>Sources\4. Editor ================</Filter>
    </ClCompile>
    <ClCompile Include="imgui_docking.cpp">
      <Filter>Sources\ThirdParties\ImGui</Filter>
    </ClCompile>
    <ClCompile Include="FBO.cpp">
      <Filter>Sources\3. Components ===========</Filter>
    </ClCompile>
    <ClCompile Include="Game.cpp">
      <Filter>Sources\4. Editor ================</Filter>
    </ClCompile>
    <ClCompile Include="Cursor.cpp">
      <Filter>Sources\3. Components ===========</Filter>
    </ClCompile>
    <ClCompile Include="GameObject.cpp">
      <Filter>Sources\5. GameObjects ===========</Filter>
    </ClCompile>
    <ClCompile Include="ModuleGameObject.cpp">
      <Filter>Sources\2. Modules ==============</Filter>
    </ClCompile>
    <ClCompile Include="Hierarchy.cpp">
      <Filter>Sources\4. Editor ================</Filter>
    </ClCompile>
    <ClCompile Include="Inspector.cpp">
      <Filter>Sources\4. Editor ================</Filter>
    </ClCompile>
    <ClCompile Include="IDGenerator.cpp">
      <Filter>Sources\3. Components ===========</Filter>
    </ClCompile>
    <ClCompile Include="ModuleFileSystem.cpp">
      <Filter>Sources\2. Modules ==============</Filter>
    </ClCompile>
    <ClCompile Include="DebugDraw.cpp">
      <Filter>Sources\3. Components ===========</Filter>
    </ClCompile>
    <ClCompile Include="SceneManager.cpp">
      <Filter>Sources\2. Modules ==============</Filter>
    </ClCompile>
    <ClCompile Include="Algorithm\Random\LCG.cpp">
      <Filter>Sources\ThirdParties\MathGeoLib\Algorithm\Random</Filter>
    </ClCompile>
    <ClCompile Include="Algorithm\GJK.cpp">
      <Filter>Sources\ThirdParties\MathGeoLib\Algorithm</Filter>
    </ClCompile>
    <ClCompile Include="Geometry\AABB.cpp">
      <Filter>Sources\ThirdParties\MathGeoLib\Geometry</Filter>
    </ClCompile>
    <ClCompile Include="Geometry\Capsule.cpp">
      <Filter>Sources\ThirdParties\MathGeoLib\Geometry</Filter>
    </ClCompile>
    <ClCompile Include="Geometry\Circle.cpp">
      <Filter>Sources\ThirdParties\MathGeoLib\Geometry</Filter>
    </ClCompile>
    <ClCompile Include="Geometry\Frustum.cpp">
      <Filter>Sources\ThirdParties\MathGeoLib\Geometry</Filter>
    </ClCompile>
    <ClCompile Include="Geometry\Line.cpp">
      <Filter>Sources\ThirdParties\MathGeoLib\Geometry</Filter>
    </ClCompile>
    <ClCompile Include="Geometry\LineSegment.cpp">
      <Filter>Sources\ThirdParties\MathGeoLib\Geometry</Filter>
    </ClCompile>
    <ClCompile Include="Geometry\OBB.cpp">
      <Filter>Sources\ThirdParties\MathGeoLib\Geometry</Filter>
    </ClCompile>
    <ClCompile Include="Geometry\PBVolume.cpp">
      <Filter>Sources\ThirdParties\MathGeoLib\Geometry</Filter>
    </ClCompile>
    <ClCompile Include="Geometry\Plane.cpp">
      <Filter>Sources\ThirdParties\MathGeoLib\Geometry</Filter>
    </ClCompile>
    <ClCompile Include="Geometry\Polygon.cpp">
      <Filter>Sources\ThirdParties\MathGeoLib\Geometry</Filter>
    </ClCompile>
    <ClCompile Include="Geometry\Polyhedron.cpp">
      <Filter>Sources\ThirdParties\MathGeoLib\Geometry</Filter>
    </ClCompile>
    <ClCompile Include="Geometry\Ray.cpp">
      <Filter>Sources\ThirdParties\MathGeoLib\Geometry</Filter>
    </ClCompile>
    <ClCompile Include="Geometry\Sphere.cpp">
      <Filter>Sources\ThirdParties\MathGeoLib\Geometry</Filter>
    </ClCompile>
    <ClCompile Include="Geometry\Triangle.cpp">
      <Filter>Sources\ThirdParties\MathGeoLib\Geometry</Filter>
    </ClCompile>
    <ClCompile Include="Geometry\TriangleMesh.cpp">
      <Filter>Sources\ThirdParties\MathGeoLib\Geometry</Filter>
    </ClCompile>
    <ClCompile Include="Math\BitOps.cpp">
      <Filter>Sources\ThirdParties\MathGeoLib\Math</Filter>
    </ClCompile>
    <ClCompile Include="Math\Callstack.cpp">
      <Filter>Sources\ThirdParties\MathGeoLib\Math</Filter>
    </ClCompile>
    <ClCompile Include="Math\float2.cpp">
      <Filter>Sources\ThirdParties\MathGeoLib\Math</Filter>
    </ClCompile>
    <ClCompile Include="Math\float3.cpp">
      <Filter>Sources\ThirdParties\MathGeoLib\Math</Filter>
    </ClCompile>
    <ClCompile Include="Math\float3x3.cpp">
      <Filter>Sources\ThirdParties\MathGeoLib\Math</Filter>
    </ClCompile>
    <ClCompile Include="Math\float3x4.cpp">
      <Filter>Sources\ThirdParties\MathGeoLib\Math</Filter>
    </ClCompile>
    <ClCompile Include="Math\float4.cpp">
      <Filter>Sources\ThirdParties\MathGeoLib\Math</Filter>
    </ClCompile>
    <ClCompile Include="Math\float4d.cpp">
      <Filter>Sources\ThirdParties\MathGeoLib\Math</Filter>
    </ClCompile>
    <ClCompile Include="Math\float4x4.cpp">
      <Filter>Sources\ThirdParties\MathGeoLib\Math</Filter>
    </ClCompile>
    <ClCompile Include="Math\grisu3.c">
      <Filter>Sources\ThirdParties\MathGeoLib\Math</Filter>
    </ClCompile>
    <ClCompile Include="Math\grisu3_cpp.cpp">
      <Filter>Sources\ThirdParties\MathGeoLib\Math</Filter>
    </ClCompile>
    <ClCompile Include="Math\MathFunc.cpp">
      <Filter>Sources\ThirdParties\MathGeoLib\Math</Filter>
    </ClCompile>
    <ClCompile Include="Math\MathLog.cpp">
      <Filter>Sources\ThirdParties\MathGeoLib\Math</Filter>
    </ClCompile>
    <ClCompile Include="Math\MathOps.cpp">
      <Filter>Sources\ThirdParties\MathGeoLib\Math</Filter>
    </ClCompile>
    <ClCompile Include="Math\Polynomial.cpp">
      <Filter>Sources\ThirdParties\MathGeoLib\Math</Filter>
    </ClCompile>
    <ClCompile Include="Math\Quat.cpp">
      <Filter>Sources\ThirdParties\MathGeoLib\Math</Filter>
    </ClCompile>
    <ClCompile Include="Math\SSEMath.cpp">
      <Filter>Sources\ThirdParties\MathGeoLib\Math</Filter>
    </ClCompile>
    <ClCompile Include="Math\TransformOps.cpp">
      <Filter>Sources\ThirdParties\MathGeoLib\Math</Filter>
    </ClCompile>
    <ClCompile Include="Time\Clock.cpp">
      <Filter>Sources\ThirdParties\MathGeoLib\Time</Filter>
    </ClCompile>
    <ClCompile Include="ImGuizmo.cpp">
      <Filter>Sources\ThirdParties\ImGuizmo</Filter>
    </ClCompile>
    <ClCompile Include="Component.cpp">
      <Filter>Sources\5. GameObjects ===========\Components</Filter>
    </ClCompile>
    <ClCompile Include="ComponentCamera.cpp">
      <Filter>Sources\5. GameObjects ===========\Components</Filter>
    </ClCompile>
    <ClCompile Include="ComponentMaterial.cpp">
      <Filter>Sources\5. GameObjects ===========\Components</Filter>
    </ClCompile>
    <ClCompile Include="ComponentMesh.cpp">
      <Filter>Sources\5. GameObjects ===========\Components</Filter>
    </ClCompile>
    <ClCompile Include="ComponentTransform.cpp">
      <Filter>Sources\5. GameObjects ===========\Components</Filter>
    </ClCompile>
    <ClCompile Include="Resource.cpp">
      <Filter>Sources\6. Resources =============</Filter>
    </ClCompile>
    <ClCompile Include="ResourceMesh.cpp">
      <Filter>Sources\6. Resources =============</Filter>
    </ClCompile>
    <ClCompile Include="ResourceManager.cpp">
      <Filter>Sources\2. Modules ==============</Filter>
    </ClCompile>
    <ClCompile Include="ResourceTexture.cpp">
      <Filter>Sources\6. Resources =============</Filter>
    </ClCompile>
    <ClCompile Include="ResourceMeshLoader.cpp">
      <Filter>Sources\6. Resources =============\Loaders</Filter>
    </ClCompile>
    <ClCompile Include="ResourceTextureLoader.cpp">
      <Filter>Sources\6. Resources =============\Loaders</Filter>
    </ClCompile>
    <ClCompile Include="MainBar.cpp">
      <Filter>Sources\4. Editor ================</Filter>
    </ClCompile>
    <ClCompile Include="ToolsBar.cpp">
      <Filter>Sources\4. Editor ================</Filter>
    </ClCompile>
    <ClCompile Include="KDTree.cpp">
      <Filter>Sources\3. Components ===========</Filter>
    </ClCompile>
    <ClCompile Include="Color.cpp">
      <Filter>Sources\3. Components ===========</Filter>
    </ClCompile>
    <ClCompile Include="glmath.cpp">
      <Filter>Sources\3. Components ===========</Filter>
    </ClCompile>
    <ClCompile Include="App.cpp">
      <Filter>Sources\1. App =================</Filter>
    </ClCompile>
    <ClCompile Include="Main.cpp">
      <Filter>Sources\1. App =================</Filter>
    </ClCompile>
    <ClCompile Include="ResourceScene.cpp">
      <Filter>Sources\6. Resources =============</Filter>
    </ClCompile>
    <ClCompile Include="Explorer.cpp">
      <Filter>Sources\4. Editor ================</Filter>
    </ClCompile>
    <ClCompile Include="SuStoUI.cpp">
      <Filter>Sources\2. Modules ==============\UI</Filter>
    </ClCompile>
    <ClCompile Include="SuSto_impl_sdl_opengl.cpp">
      <Filter>Sources\2. Modules ==============\UI\Implementations</Filter>
    </ClCompile>
    <ClCompile Include="SuSto_event_system.cpp">
      <Filter>Sources\2. Modules ==============\UI\Event System</Filter>
    </ClCompile>
    <ClCompile Include="UIElement.cpp">
      <Filter>Sources\2. Modules ==============\UI</Filter>
    </ClCompile>
    <ClCompile Include="UICanvas.cpp">
      <Filter>Sources\2. Modules ==============\UI\Elements</Filter>
    </ClCompile>
    <ClCompile Include="UIButton.cpp">
      <Filter>Sources\2. Modules ==============\UI\Elements</Filter>
    </ClCompile>
    <ClCompile Include="UIText.cpp">
      <Filter>Sources\2. Modules ==============\UI\Elements</Filter>
    </ClCompile>
    <ClCompile Include="UICheckBox.cpp">
      <Filter>Sources\2. Modules ==============\UI\Elements</Filter>
    </ClCompile>
    <ClCompile Include="UIPanel.cpp">
      <Filter>Sources\2. Modules ==============\UI\Elements</Filter>
    </ClCompile>
    <ClCompile Include="UIImage.cpp">
      <Filter>Sources\2. Modules ==============\UI\Elements</Filter>
    </ClCompile>
    <ClCompile Include="UITextInput.cpp">
      <Filter>Sources\2. Modules ==============\UI\Elements</Filter>
    </ClCompile>
    <ClCompile Include="ComponentCanvas.cpp">
      <Filter>Sources\5. GameObjects ===========\Components</Filter>
    </ClCompile>
    <ClCompile Include="ComponentImage.cpp">
      <Filter>Sources\5. GameObjects ===========\Components</Filter>
    </ClCompile>
    <ClCompile Include="ComponentButton.cpp">
      <Filter>Sources\5. GameObjects ===========\Components</Filter>
    </ClCompile>
    <ClCompile Include="ComponentCheckBox.cpp">
      <Filter>Sources\5. GameObjects ===========\Components</Filter>
    </ClCompile>
    <ClCompile Include="ComponentText.cpp">
      <Filter>Sources\5. GameObjects ===========\Components</Filter>
    </ClCompile>
    <ClCompile Include="ResourceFontLoader.cpp" />
    <ClCompile Include="SuSto_fonts_system.cpp">
      <Filter>Sources\2. Modules ==============\UI\Fonts System</Filter>
    </ClCompile>
  </ItemGroup>
  <ItemGroup>
    <Image Include="icon1.ico">
      <Filter>Sources</Filter>
    </Image>
  </ItemGroup>
  <ItemGroup>
    <None Include="Geometry\KDTree.inl">
      <Filter>Sources\ThirdParties\MathGeoLib\Geometry</Filter>
    </None>
    <None Include="Geometry\QuadTree.inl">
      <Filter>Sources\ThirdParties\MathGeoLib\Geometry</Filter>
    </None>
    <None Include="Math\float2.inl">
      <Filter>Sources\ThirdParties\MathGeoLib\Math</Filter>
    </None>
    <None Include="Math\Matrix.inl">
      <Filter>Sources\ThirdParties\MathGeoLib\Math</Filter>
    </None>
  </ItemGroup>
</Project>